# This file is automatically @generated by Cargo.
# It is not intended for manual editing.
version = 4

[[package]]
name = "shop-billing"
version = "0.1.0"
dependencies = [
 "shop-catalog",
 "shop-config",
 "shop-core",
 "shop-fulfil",
 "shop-sales",
 "shop-testkit",
 "shop-util",
]

[[package]]
name = "shop-catalog"
version = "0.1.0"
dependencies = [
 "shop-core",
 "shop-testkit",
 "shop-util",
]

[[package]]
name = "shop-config"
version = "0.1.0"
dependencies = [
 "shop-core",
]

[[package]]
name = "shop-core"
version = "0.1.0"

[[package]]
name = "shop-fulfil"
version = "0.1.0"
dependencies = [
 "shop-catalog",
 "shop-core",
 "shop-sales",
 "shop-testkit",
]

[[package]]
name = "shop-reports"
version = "0.1.0"
dependencies = [
 "shop-catalog",
 "shop-core",
 "shop-fulfil",
 "shop-testkit",
]

[[package]]
name = "shop-sales"
version = "0.1.0"
dependencies = [
 "shop-catalog",
 "shop-config",
 "shop-core",
 "shop-testkit",
]

[[package]]
name = "shop-testkit"
version = "0.1.0"
dependencies = [
 "shop-catalog",
 "shop-core",
 "shop-sales",
]

[[package]]
name = "shop-util"
version = "0.1.0"
dependencies = [
 "shop-core",
]
